
Microsoft Visual Studio Solution File, Format Version 12.00
# Visual Studio Version 17
VisualStudioVersion = 17.4.33122.133
MinimumVisualStudioVersion = 10.0.40219.1
Project("{9A19103F-16F7-4668-BE54-9A1E7A4F7556}") = "Ryanair", "Ryanair.csproj", "{C0652B67-BD92-4CA4-BDF9-0107DE423C85}"
EndProject
Project("{FAE04EC0-301F-11D3-BF4B-00C04F79EFBC}") = "Logger", "..\Logger\Logger.csproj", "{284D0387-5996-4C23-BAC3-1B8FCE795474}"
EndProject
Global
	GlobalSection(SolutionConfigurationPlatforms) = preSolution
		Debug|Any CPU = Debug|Any CPU
		Release|Any CPU = Release|Any CPU
	EndGlobalSection
	GlobalSection(ProjectConfigurationPlatforms) = postSolution
		{C0652B67-BD92-4CA4-BDF9-0107DE423C85}.Debug|Any CPU.ActiveCfg = Debug|Any CPU
		{C0652B67-BD92-4CA4-BDF9-0107DE423C85}.Debug|Any CPU.Build.0 = Debug|Any CPU
		{C0652B67-BD92-4CA4-BDF9-0107DE423C85}.Release|Any CPU.ActiveCfg = Release|Any CPU
		{C0652B67-BD92-4CA4-BDF9-0107DE423C85}.Release|Any CPU.Build.0 = Release|Any CPU
		{284D0387-5996-4C23-BAC3-1B8FCE795474}.Debug|Any CPU.ActiveCfg = Debug|Any CPU
		{284D0387-5996-4C23-BAC3-1B8FCE795474}.Debug|Any CPU.Build.0 = Debug|Any CPU
		{284D0387-5996-4C23-BAC3-1B8FCE795474}.Release|Any CPU.ActiveCfg = Release|Any CPU
		{284D0387-5996-4C23-BAC3-1B8FCE795474}.Release|Any CPU.Build.0 = Release|Any CPU
	EndGlobalSection
	GlobalSection(SolutionProperties) = preSolution
		HideSolutionNode = FALSE
	EndGlobalSection
	GlobalSection(ExtensibilityGlobals) = postSolution
		SolutionGuid = {522ADF0F-F631-47F8-B589-CA76850BC0B2}
	EndGlobalSection
EndGlobal
